
Microsoft Visual Studio Solution File, Format Version 12.00
# Visual Studio Version 17
VisualStudioVersion = 17.7.34221.43
MinimumVisualStudioVersion = 10.0.40219.1
Project("{9A19103F-16F7-4668-BE54-9A1E7A4F7556}") = "MoviesApp", "MoviesApp\MoviesApp.csproj", "{8A60A317-269D-4D5C-9AF0-16D35793B502}"
EndProject
Global
	GlobalSection(SolutionConfigurationPlatforms) = preSolution
		Debug|Any CPU = Debug|Any CPU
		Release|Any CPU = Release|Any CPU
	EndGlobalSection
	GlobalSection(ProjectConfigurationPlatforms) = postSolution
		{8A60A317-269D-4D5C-9AF0-16D35793B502}.Debug|Any CPU.ActiveCfg = Debug|Any CPU
		{8A60A317-269D-4D5C-9AF0-16D35793B502}.Debug|Any CPU.Build.0 = Debug|Any CPU
		{8A60A317-269D-4D5C-9AF0-16D35793B502}.Release|Any CPU.ActiveCfg = Release|Any CPU
		{8A60A317-269D-4D5C-9AF0-16D35793B502}.Release|Any CPU.Build.0 = Release|Any CPU
	EndGlobalSection
	GlobalSection(SolutionProperties) = preSolution
		HideSolutionNode = FALSE
	EndGlobalSection
	GlobalSection(ExtensibilityGlobals) = postSolution
		SolutionGuid = {83B88561-64B5-4507-B26C-D3B39FA0FAED}
	EndGlobalSection
EndGlobal
